
Microsoft Visual Studio Solution File, Format Version 12.00
# Visual Studio 14
VisualStudioVersion = 14.0.25420.1
MinimumVisualStudioVersion = 10.0.40219.1
Project("{FAE04EC0-301F-11D3-BF4B-00C04F79EFBC}") = "RyanairEntryTask", "RyanairEntryTask\RyanairEntryTask.csproj", "{B4AEFEE1-4644-40D6-94EC-172C27E680A4}"
EndProject
Project("{FAE04EC0-301F-11D3-BF4B-00C04F79EFBC}") = "UnitTests", "UnitTests\UnitTests.csproj", "{C384C68A-A00F-4CE3-BEBC-B5A13A688F26}"
EndProject
Project("{FAE04EC0-301F-11D3-BF4B-00C04F79EFBC}") = "RyanairEntryTask.Core", "RyanairEntryTask.Core\RyanairEntryTask.Core.csproj", "{C29AC73E-A8ED-4F6D-A89F-17E6BF0FC28E}"
EndProject
Project("{FAE04EC0-301F-11D3-BF4B-00C04F79EFBC}") = "RyanairEntryTask.Logic", "RyanairEntryTask.Logic\RyanairEntryTask.Logic.csproj", "{556DDAA5-1151-45E6-B2CA-FA558C159C66}"
EndProject
Global
	GlobalSection(SolutionConfigurationPlatforms) = preSolution
		Debug|Any CPU = Debug|Any CPU
		Release|Any CPU = Release|Any CPU
	EndGlobalSection
	GlobalSection(ProjectConfigurationPlatforms) = postSolution
		{B4AEFEE1-4644-40D6-94EC-172C27E680A4}.Debug|Any CPU.ActiveCfg = Debug|Any CPU
		{B4AEFEE1-4644-40D6-94EC-172C27E680A4}.Debug|Any CPU.Build.0 = Debug|Any CPU
		{B4AEFEE1-4644-40D6-94EC-172C27E680A4}.Release|Any CPU.ActiveCfg = Release|Any CPU
		{B4AEFEE1-4644-40D6-94EC-172C27E680A4}.Release|Any CPU.Build.0 = Release|Any CPU
		{C384C68A-A00F-4CE3-BEBC-B5A13A688F26}.Debug|Any CPU.ActiveCfg = Debug|Any CPU
		{C384C68A-A00F-4CE3-BEBC-B5A13A688F26}.Debug|Any CPU.Build.0 = Debug|Any CPU
		{C384C68A-A00F-4CE3-BEBC-B5A13A688F26}.Release|Any CPU.ActiveCfg = Release|Any CPU
		{C384C68A-A00F-4CE3-BEBC-B5A13A688F26}.Release|Any CPU.Build.0 = Release|Any CPU
		{C29AC73E-A8ED-4F6D-A89F-17E6BF0FC28E}.Debug|Any CPU.ActiveCfg = Debug|Any CPU
		{C29AC73E-A8ED-4F6D-A89F-17E6BF0FC28E}.Debug|Any CPU.Build.0 = Debug|Any CPU
		{C29AC73E-A8ED-4F6D-A89F-17E6BF0FC28E}.Release|Any CPU.ActiveCfg = Release|Any CPU
		{C29AC73E-A8ED-4F6D-A89F-17E6BF0FC28E}.Release|Any CPU.Build.0 = Release|Any CPU
		{556DDAA5-1151-45E6-B2CA-FA558C159C66}.Debug|Any CPU.ActiveCfg = Debug|Any CPU
		{556DDAA5-1151-45E6-B2CA-FA558C159C66}.Debug|Any CPU.Build.0 = Debug|Any CPU
		{556DDAA5-1151-45E6-B2CA-FA558C159C66}.Release|Any CPU.ActiveCfg = Release|Any CPU
		{556DDAA5-1151-45E6-B2CA-FA558C159C66}.Release|Any CPU.Build.0 = Release|Any CPU
	EndGlobalSection
	GlobalSection(SolutionProperties) = preSolution
		HideSolutionNode = FALSE
	EndGlobalSection
EndGlobal
